// !$*UTF8*$!
{
	archiveVersion = 1;
	classes = {
	};
	objectVersion = 39;
	objects = {
		014CEA4F0018CE4811CA2923 = {
			buildSettings = {
				COPY_PHASE_STRIP = NO;
				GCC_DYNAMIC_NO_PIC = NO;
				GCC_ENABLE_FIX_AND_CONTINUE = YES;
				GCC_GENERATE_DEBUGGING_SYMBOLS = YES;
				GCC_OPTIMIZATION_LEVEL = 0;
				OPTIMIZATION_CFLAGS = "-O0";
				ZERO_LINK = YES;
			};
			isa = PBXBuildStyle;
			name = Development;
		};
		014CEA500018CE4811CA2923 = {
			buildSettings = {
				COPY_PHASE_STRIP = YES;
				GCC_ENABLE_FIX_AND_CONTINUE = NO;
				ZERO_LINK = NO;
			};
			isa = PBXBuildStyle;
			name = Deployment;
		};
//010
//011
//012
//013
//014
//080
//081
//082
//083
//084
		08FB7793FE84155DC02AAC07 = {
			buildSettings = {
				MACOSX_DEPLOYMENT_TARGET = 10.2;
				SDKROOT = /Developer/SDKs/MacOSX10.2.8.sdk;
			};
			buildStyles = (
				014CEA4F0018CE4811CA2923,
				014CEA500018CE4811CA2923,
			);
			hasScannedForEncodings = 1;
			isa = PBXProject;
			mainGroup = 08FB7794FE84155DC02AAC07;
			projectDirPath = "";
			targets = (
				3700A52E0666461F00998D4D,
				3700A54D0666461F00998D4D,
			);
		};
		08FB7794FE84155DC02AAC07 = {
			children = (
				08FB7795FE84155DC02AAC07,
				37CA479D054AD1E800000005,
				08FB779DFE84155DC02AAC07,
				1AB674ADFE9D54B511CA2CBB,
				3700A54A0666461F00998D4D,
			);
			isa = PBXGroup;
			name = hspell;
			refType = 4;
			sourceTree = "<group>";
		};
		08FB7795FE84155DC02AAC07 = {
			children = (
				08FB7796FE84155DC02AAC07,
				37418E58054A795400000005,
				37418E59054A795400000005,
				37CA4799054ACB9B00000005,
				37CA4797054ACB9200000005,
				37CA46A9054A8B7300000005,
				37CA4692054A8B7300000005,
			);
			isa = PBXGroup;
			name = Source;
			refType = 4;
			sourceTree = "<group>";
		};
		08FB7796FE84155DC02AAC07 = {
			fileEncoding = 4;
			isa = PBXFileReference;
			lastKnownFileType = sourcecode.c.objc;
			path = main.m;
			refType = 4;
			sourceTree = "<group>";
		};
		08FB779DFE84155DC02AAC07 = {
			children = (
				37F3D4E006665EC700DB2A32,
				08FB779EFE84155DC02AAC07,
			);
			isa = PBXGroup;
			name = Frameworks;
			refType = 4;
			sourceTree = "<group>";
		};
		08FB779EFE84155DC02AAC07 = {
			isa = PBXFileReference;
			lastKnownFileType = wrapper.framework;
			name = Foundation.framework;
			path = /System/Library/Frameworks/Foundation.framework;
			refType = 0;
			sourceTree = "<absolute>";
		};
//080
//081
//082
//083
//084
//1A0
//1A1
//1A2
//1A3
//1A4
		1AB674ADFE9D54B511CA2CBB = {
			children = (
				3700A54B0666461F00998D4D,
			);
			isa = PBXGroup;
			name = Products;
			refType = 4;
			sourceTree = "<group>";
		};
//1A0
//1A1
//1A2
//1A3
//1A4
//370
//371
//372
//373
//374
		3700A52E0666461F00998D4D = {
			buildPhases = (
				3700A5300666461F00998D4D,
				3700A5370666461F00998D4D,
				3700A53C0666461F00998D4D,
				3700A5470666461F00998D4D,
			);
			buildRules = (
			);
			buildSettings = {
				FRAMEWORK_SEARCH_PATHS = "";
				HEADER_SEARCH_PATHS = "";
				INFOPLIST_FILE = "Info-HSpellService.plist";
				INSTALL_PATH = "$(HOME)/Library/Services";
				LIBRARY_SEARCH_PATHS = "";
				MACOSX_DEPLOYMENT_TARGET = 10.2;
				OTHER_CFLAGS = "-DHAVE_ZLIB -DDICTIONARY_BASE=\\\"\\\"";
				OTHER_LDFLAGS = "";
				PRODUCT_NAME = "Hebrew Spelling";
				SECTORDER_FLAGS = "";
				WARNING_CFLAGS = "-Wmost -Wno-four-char-constants -Wno-unknown-pragmas";
				WRAPPER_EXTENSION = service;
			};
			dependencies = (
				3700A54F0666461F00998D4D,
			);
			isa = PBXNativeTarget;
			name = HSpellService;
			productInstallPath = "$(HOME)/Library/Services";
			productName = HSpell;
			productReference = 3700A54B0666461F00998D4D;
			productType = "com.apple.product-type.application";
		};
		3700A5300666461F00998D4D = {
			buildActionMask = 2147483647;
			files = (
				3700A5310666461F00998D4D,
				3700A5320666461F00998D4D,
				3700A5330666461F00998D4D,
				3700A5340666461F00998D4D,
				3700A5350666461F00998D4D,
				3700A5360666461F00998D4D,
			);
			isa = PBXHeadersBuildPhase;
			runOnlyForDeploymentPostprocessing = 0;
		};
		3700A5310666461F00998D4D = {
			fileRef = 37418E58054A795400000005;
			isa = PBXBuildFile;
			settings = {
			};
		};
		3700A5320666461F00998D4D = {
			fileRef = 37CA4799054ACB9B00000005;
			isa = PBXBuildFile;
			settings = {
			};
		};
		3700A5330666461F00998D4D = {
			fileRef = 37CA4698054A8B7300000005;
			isa = PBXBuildFile;
			settings = {
			};
		};
		3700A5340666461F00998D4D = {
			fileRef = 37CA46A4054A8B7300000005;
			isa = PBXBuildFile;
			settings = {
			};
		};
		3700A5350666461F00998D4D = {
			fileRef = 37CA46B2054A8B7300000005;
			isa = PBXBuildFile;
			settings = {
			};
		};
		3700A5360666461F00998D4D = {
			fileRef = 37204BD60598411600722698;
			isa = PBXBuildFile;
			settings = {
			};
		};
		3700A5370666461F00998D4D = {
			buildActionMask = 2147483647;
			files = (
				3700A5380666461F00998D4D,
				3700A5390666461F00998D4D,
				3700A53A0666461F00998D4D,
				3700A53B0666461F00998D4D,
			);
			isa = PBXResourcesBuildPhase;
			runOnlyForDeploymentPostprocessing = 0;
		};
		3700A5380666461F00998D4D = {
			fileRef = 373BE08E05503FEA00000005;
			isa = PBXBuildFile;
			settings = {
			};
		};
		3700A5390666461F00998D4D = {
			fileRef = 37CA479E054AD21D00000005;
			isa = PBXBuildFile;
			settings = {
			};
		};
		3700A53A0666461F00998D4D = {
			fileRef = 37CA479F054AD21D00000005;
			isa = PBXBuildFile;
			settings = {
			};
		};
		3700A53B0666461F00998D4D = {
			fileRef = 37CA47A0054AD21D00000005;
			isa = PBXBuildFile;
			settings = {
			};
		};
		3700A53C0666461F00998D4D = {
			buildActionMask = 2147483647;
			files = (
				3700A53D0666461F00998D4D,
				3700A53E0666461F00998D4D,
				3700A53F0666461F00998D4D,
				3700A5400666461F00998D4D,
				3700A5410666461F00998D4D,
				3700A5420666461F00998D4D,
				3700A5430666461F00998D4D,
				3700A5440666461F00998D4D,
				3700A5450666461F00998D4D,
				3700A5460666461F00998D4D,
			);
			isa = PBXSourcesBuildPhase;
			runOnlyForDeploymentPostprocessing = 0;
		};
		3700A53D0666461F00998D4D = {
			fileRef = 08FB7796FE84155DC02AAC07;
			isa = PBXBuildFile;
			settings = {
			};
		};
		3700A53E0666461F00998D4D = {
			fileRef = 37CA46A9054A8B7300000005;
			isa = PBXBuildFile;
			settings = {
			};
		};
		3700A53F0666461F00998D4D = {
			fileRef = 37418E59054A795400000005;
			isa = PBXBuildFile;
			settings = {
			};
		};
		3700A5400666461F00998D4D = {
			fileRef = 37CA4797054ACB9200000005;
			isa = PBXBuildFile;
			settings = {
			};
		};
		3700A5410666461F00998D4D = {
			fileRef = 37CA4694054A8B7300000005;
			isa = PBXBuildFile;
			settings = {
			};
		};
		3700A5420666461F00998D4D = {
			fileRef = 37CA4697054A8B7300000005;
			isa = PBXBuildFile;
			settings = {
			};
		};
		3700A5430666461F00998D4D = {
			fileRef = 37CA46A1054A8B7300000005;
			isa = PBXBuildFile;
			settings = {
			};
		};
		3700A5440666461F00998D4D = {
			fileRef = 37CA46B1054A8B7300000005;
			isa = PBXBuildFile;
			settings = {
			};
		};
		3700A5450666461F00998D4D = {
			fileRef = 37CA46AE054A8B7300000005;
			isa = PBXBuildFile;
			settings = {
			};
		};
		3700A5460666461F00998D4D = {
			fileRef = 37204BBA05983FA800722698;
			isa = PBXBuildFile;
			settings = {
			};
		};
		3700A5470666461F00998D4D = {
			buildActionMask = 2147483647;
			files = (
				3700A5480666461F00998D4D,
				37F3D4E106665EC700DB2A32,
			);
			isa = PBXFrameworksBuildPhase;
			runOnlyForDeploymentPostprocessing = 0;
		};
		3700A5480666461F00998D4D = {
			fileRef = 08FB779EFE84155DC02AAC07;
			isa = PBXBuildFile;
			settings = {
			};
		};
		3700A54A0666461F00998D4D = {
			isa = PBXFileReference;
			lastKnownFileType = text.xml;
			path = "Info-HSpellService.plist";
			refType = 4;
			sourceTree = "<group>";
		};
		3700A54B0666461F00998D4D = {
			explicitFileType = wrapper.application;
			includeInIndex = 0;
			isa = PBXFileReference;
			path = "Hebrew Spelling.service";
			refType = 3;
			sourceTree = BUILT_PRODUCTS_DIR;
		};
		3700A54D0666461F00998D4D = {
			buildArgumentsString = $ACTION;
			buildPhases = (
			);
			buildSettings = {
				OTHER_CFLAGS = "";
				OTHER_LDFLAGS = "";
				OTHER_REZFLAGS = "";
				PRODUCT_NAME = Untitled;
				SECTORDER_FLAGS = "";
				WARNING_CFLAGS = "-Wmost -Wno-four-char-constants -Wno-unknown-pragmas";
			};
			buildToolPath = /usr/bin/gnumake;
			buildWorkingDirectory = "hspell-0.9";
			dependencies = (
			);
			isa = PBXLegacyTarget;
			name = Hspell;
			passBuildSettingsInEnvironment = 1;
			productName = Untitled;
		};
		3700A54E0666461F00998D4D = {
			containerPortal = 08FB7793FE84155DC02AAC07;
			isa = PBXContainerItemProxy;
			proxyType = 1;
			remoteGlobalIDString = 3700A54D0666461F00998D4D;
			remoteInfo = "Hspell (Upgraded)";
		};
		3700A54F0666461F00998D4D = {
			isa = PBXTargetDependency;
			target = 3700A54D0666461F00998D4D;
			targetProxy = 3700A54E0666461F00998D4D;
		};
		3700A5540666537A00998D4D = {
			children = (
				37CA479E054AD21D00000005,
				37CA479F054AD21D00000005,
				37CA47A0054AD21D00000005,
			);
			isa = PBXGroup;
			name = hspell;
			path = "hspell-0.9";
			refType = 4;
			sourceTree = "<group>";
		};
		37204BBA05983FA800722698 = {
			fileEncoding = 30;
			isa = PBXFileReference;
			lastKnownFileType = sourcecode.c.c;
			path = libhspell.c;
			refType = 4;
			sourceTree = "<group>";
		};
		37204BD60598411600722698 = {
			fileEncoding = 30;
			isa = PBXFileReference;
			lastKnownFileType = sourcecode.c.h;
			path = hspell.h;
			refType = 4;
			sourceTree = "<group>";
		};
		373BE08E05503FEA00000005 = {
			isa = PBXFileReference;
			lastKnownFileType = image.icns;
			path = HSpellService.icns;
			refType = 4;
			sourceTree = "<group>";
		};
		37418E58054A795400000005 = {
			fileEncoding = 4;
			isa = PBXFileReference;
			lastKnownFileType = sourcecode.c.h;
			path = HSSpellChecker.h;
			refType = 4;
			sourceTree = "<group>";
		};
		37418E59054A795400000005 = {
			fileEncoding = 4;
			isa = PBXFileReference;
			lastKnownFileType = sourcecode.c.objc;
			path = HSSpellChecker.m;
			refType = 4;
			sourceTree = "<group>";
		};
		37CA4692054A8B7300000005 = {
			children = (
				37204BD60598411600722698,
				37204BBA05983FA800722698,
				37CA4694054A8B7300000005,
				37CA4697054A8B7300000005,
				37CA4698054A8B7300000005,
				37CA46A1054A8B7300000005,
				37CA46A4054A8B7300000005,
				37CA46AE054A8B7300000005,
				37CA46B1054A8B7300000005,
				37CA46B2054A8B7300000005,
			);
			isa = PBXGroup;
			name = hspell;
			path = "hspell-0.9";
			refType = 4;
			sourceTree = "<group>";
		};
		37CA4694054A8B7300000005 = {
			fileEncoding = 30;
			isa = PBXFileReference;
			lastKnownFileType = sourcecode.c.c;
			path = corlist.c;
			refType = 4;
			sourceTree = "<group>";
		};
		37CA4697054A8B7300000005 = {
			fileEncoding = 30;
			isa = PBXFileReference;
			lastKnownFileType = sourcecode.c.c;
			path = dict_radix.c;
			refType = 4;
			sourceTree = "<group>";
		};
		37CA4698054A8B7300000005 = {
			fileEncoding = 30;
			isa = PBXFileReference;
			lastKnownFileType = sourcecode.c.h;
			path = dict_radix.h;
			refType = 4;
			sourceTree = "<group>";
		};
		37CA46A1054A8B7300000005 = {
			fileEncoding = 30;
			isa = PBXFileReference;
			lastKnownFileType = sourcecode.c.c;
			path = gimatria.c;
			refType = 4;
			sourceTree = "<group>";
		};
		37CA46A4054A8B7300000005 = {
			fileEncoding = 30;
			isa = PBXFileReference;
			lastKnownFileType = sourcecode.c.h;
			path = hash.h;
			refType = 4;
			sourceTree = "<group>";
		};
		37CA46A9054A8B7300000005 = {
			fileEncoding = 30;
			isa = PBXFileReference;
			lastKnownFileType = sourcecode.c.objc;
			path = hspell.m;
			refType = 4;
			sourceTree = "<group>";
		};
		37CA46AE054A8B7300000005 = {
			fileEncoding = 30;
			isa = PBXFileReference;
			lastKnownFileType = sourcecode.c.c;
			path = prefixes.c;
			refType = 4;
			sourceTree = "<group>";
		};
		37CA46B1054A8B7300000005 = {
			fileEncoding = 30;
			isa = PBXFileReference;
			lastKnownFileType = sourcecode.c.c;
			path = tclHash.c;
			refType = 4;
			sourceTree = "<group>";
		};
		37CA46B2054A8B7300000005 = {
			fileEncoding = 30;
			isa = PBXFileReference;
			lastKnownFileType = sourcecode.c.h;
			path = tclHash.h;
			refType = 4;
			sourceTree = "<group>";
		};
		37CA4797054ACB9200000005 = {
			fileEncoding = 30;
			isa = PBXFileReference;
			lastKnownFileType = sourcecode.c.objc;
			path = "NSString-MPAdditions.m";
			refType = 4;
			sourceTree = "<group>";
		};
		37CA4799054ACB9B00000005 = {
			fileEncoding = 30;
			isa = PBXFileReference;
			lastKnownFileType = sourcecode.c.h;
			path = "NSString-MPAdditions.h";
			refType = 4;
			sourceTree = "<group>";
		};
		37CA479D054AD1E800000005 = {
			children = (
				373BE08E05503FEA00000005,
				3700A5540666537A00998D4D,
			);
			isa = PBXGroup;
			name = Resources;
			refType = 4;
			sourceTree = "<group>";
		};
		37CA479E054AD21D00000005 = {
			explicitFileType = file;
			isa = PBXFileReference;
			path = hebrew.wgz;
			refType = 4;
			sourceTree = "<group>";
		};
		37CA479F054AD21D00000005 = {
			isa = PBXFileReference;
			lastKnownFileType = file;
			path = hebrew.wgz.prefixes;
			refType = 4;
			sourceTree = "<group>";
		};
		37CA47A0054AD21D00000005 = {
			explicitFileType = file;
			fileEncoding = 30;
			isa = PBXFileReference;
			path = hebrew.wgz.sizes;
			refType = 4;
			sourceTree = "<group>";
		};
		37F3D4E006665EC700DB2A32 = {
			isa = PBXFileReference;
			lastKnownFileType = "compiled.mach-o.dylib";
			name = libz.dylib;
			path = /usr/lib/libz.dylib;
			refType = 0;
			sourceTree = "<absolute>";
		};
		37F3D4E106665EC700DB2A32 = {
			fileRef = 37F3D4E006665EC700DB2A32;
			isa = PBXBuildFile;
			settings = {
			};
		};
	};
	rootObject = 08FB7793FE84155DC02AAC07;
}
